# THIS IS AN AUTOGENERATED FILE. DO NOT EDIT THIS FILE DIRECTLY.
# yarn lockfile v1


bluebird@^3.5.1:
  version "3.5.1"
  resolved "https://registry.yarnpkg.com/bluebird/-/bluebird-3.5.1.tgz#d9551f9de98f1fcda1e683d17ee91a0602ee2eb9"

es6-promise@^4.0.3:
  version "4.1.1"
  resolved "https://registry.yarnpkg.com/es6-promise/-/es6-promise-4.1.1.tgz#8811e90915d9a0dba36274f0b242dbda78f9c92a"

"es6-promisify@git+https://github.com/winkeywong/es6-promisify.git":
  version "5.0.0"
  resolved "git+https://github.com/winkeywong/es6-promisify.git#05e9356c490d53ca949c98b9f0963da79bf4c6de"
  dependencies:
    es6-promise "^4.0.3"
